
Microsoft Visual Studio Solution File, Format Version 12.00
# Visual Studio Version 16
VisualStudioVersion = 16.0.31005.135
MinimumVisualStudioVersion = 10.0.40219.1
Project("{9A19103F-16F7-4668-BE54-9A1E7A4F7556}") = "TMPHFT.TradeMate", "TMPHFT.TradeMate.csproj", "{BD98EF8D-152A-4617-8846-8F7BBD7D548C}"
EndProject
Project("{9A19103F-16F7-4668-BE54-9A1E7A4F7556}") = "TMPHFT.Exchanges", "TMPHFT.Exchanges\TMPHFT.Exchanges.csproj", "{4134A158-09BD-4D72-83C8-6F17B5D0AAC8}"
EndProject
Project("{FAE04EC0-301F-11D3-BF4B-00C04F79EFBC}") = "TMPHFT.TMML", "TMPHFT.TMML\TMPHFT.TMML.csproj", "{5336935F-7460-4409-B46C-B0599B1BB922}"
EndProject
Global
	GlobalSection(SolutionConfigurationPlatforms) = preSolution
		Debug|Any CPU = Debug|Any CPU
		Release|Any CPU = Release|Any CPU
	EndGlobalSection
	GlobalSection(ProjectConfigurationPlatforms) = postSolution
		{BD98EF8D-152A-4617-8846-8F7BBD7D548C}.Debug|Any CPU.ActiveCfg = Debug|Any CPU
		{BD98EF8D-152A-4617-8846-8F7BBD7D548C}.Debug|Any CPU.Build.0 = Debug|Any CPU
		{BD98EF8D-152A-4617-8846-8F7BBD7D548C}.Release|Any CPU.ActiveCfg = Release|Any CPU
		{BD98EF8D-152A-4617-8846-8F7BBD7D548C}.Release|Any CPU.Build.0 = Release|Any CPU
		{4134A158-09BD-4D72-83C8-6F17B5D0AAC8}.Debug|Any CPU.ActiveCfg = Debug|Any CPU
		{4134A158-09BD-4D72-83C8-6F17B5D0AAC8}.Debug|Any CPU.Build.0 = Debug|Any CPU
		{4134A158-09BD-4D72-83C8-6F17B5D0AAC8}.Release|Any CPU.ActiveCfg = Release|Any CPU
		{4134A158-09BD-4D72-83C8-6F17B5D0AAC8}.Release|Any CPU.Build.0 = Release|Any CPU
		{5336935F-7460-4409-B46C-B0599B1BB922}.Debug|Any CPU.ActiveCfg = Debug|Any CPU
		{5336935F-7460-4409-B46C-B0599B1BB922}.Debug|Any CPU.Build.0 = Debug|Any CPU
		{5336935F-7460-4409-B46C-B0599B1BB922}.Release|Any CPU.ActiveCfg = Release|Any CPU
		{5336935F-7460-4409-B46C-B0599B1BB922}.Release|Any CPU.Build.0 = Release|Any CPU
	EndGlobalSection
	GlobalSection(SolutionProperties) = preSolution
		HideSolutionNode = FALSE
	EndGlobalSection
	GlobalSection(ExtensibilityGlobals) = postSolution
		SolutionGuid = {1F80DF9F-84E3-4C37-92C9-545EC1B6FD64}
	EndGlobalSection
EndGlobal
